
Microsoft Visual Studio Solution File, Format Version 12.00
# Visual Studio Version 16
VisualStudioVersion = 16.0.29806.167
MinimumVisualStudioVersion = 10.0.40219.1
Project("{9A19103F-16F7-4668-BE54-9A1E7A4F7556}") = "ArticleManagement", "ArticleManagement\ArticleManagement.csproj", "{B06C1DD9-11A7-4793-BCB1-841436C2E0E5}"
EndProject
Project("{2150E333-8FDC-42A3-9474-1A3956D46DE8}") = "BLL", "BLL", "{18AA25C8-9E88-4A03-8331-A3AE2B7500D4}"
EndProject
Project("{2150E333-8FDC-42A3-9474-1A3956D46DE8}") = "DAL", "DAL", "{7EF9F083-EF5C-4459-B69E-E725CEE2150A}"
EndProject
Project("{9A19103F-16F7-4668-BE54-9A1E7A4F7556}") = "AM.BLL.Common", "AM.BLL.Common\AM.BLL.Common.csproj", "{39F3112C-7DE6-4ECF-A321-CDE583408F2E}"
EndProject
Project("{9A19103F-16F7-4668-BE54-9A1E7A4F7556}") = "AM.DAL.Common", "AM.DAL.Common\AM.DAL.Common.csproj", "{27C97AF7-BC7F-47A8-9871-5AE4568EEFF1}"
EndProject
Project("{9A19103F-16F7-4668-BE54-9A1E7A4F7556}") = "AM.DAL.Core", "AM.DAL.Core\AM.DAL.Core.csproj", "{4C4EBE8A-F133-4956-B5F3-D03F91E918AA}"
EndProject
Project("{9A19103F-16F7-4668-BE54-9A1E7A4F7556}") = "AM.BLL.Mapper", "AM.BLL.Mapper\AM.BLL.Mapper.csproj", "{B73942AD-9BF5-4FCA-A866-B414F16B7B51}"
EndProject
Project("{9A19103F-16F7-4668-BE54-9A1E7A4F7556}") = "AM.BLL.User", "AM.BLL.User\AM.BLL.User.csproj", "{39C35DD1-0161-487B-96BF-DFDA38815975}"
EndProject
Project("{9A19103F-16F7-4668-BE54-9A1E7A4F7556}") = "AM.DAL.User", "AM.DAL.User\AM.DAL.User.csproj", "{AEF8816E-31BF-494B-8C62-2F847E1D4F36}"
EndProject
Project("{2150E333-8FDC-42A3-9474-1A3956D46DE8}") = "DomailModel", "DomailModel", "{B490C08C-5E02-4D6E-9320-9219D4CBE5DA}"
EndProject
Project("{9A19103F-16F7-4668-BE54-9A1E7A4F7556}") = "AM.DM.User", "AM.DM.User\AM.DM.User.csproj", "{90B7ED5D-DE13-46F9-91CE-6FD58FF92132}"
EndProject
Global
	GlobalSection(SolutionConfigurationPlatforms) = preSolution
		Debug|Any CPU = Debug|Any CPU
		Release|Any CPU = Release|Any CPU
	EndGlobalSection
	GlobalSection(ProjectConfigurationPlatforms) = postSolution
		{B06C1DD9-11A7-4793-BCB1-841436C2E0E5}.Debug|Any CPU.ActiveCfg = Debug|Any CPU
		{B06C1DD9-11A7-4793-BCB1-841436C2E0E5}.Debug|Any CPU.Build.0 = Debug|Any CPU
		{B06C1DD9-11A7-4793-BCB1-841436C2E0E5}.Release|Any CPU.ActiveCfg = Release|Any CPU
		{B06C1DD9-11A7-4793-BCB1-841436C2E0E5}.Release|Any CPU.Build.0 = Release|Any CPU
		{39F3112C-7DE6-4ECF-A321-CDE583408F2E}.Debug|Any CPU.ActiveCfg = Debug|Any CPU
		{39F3112C-7DE6-4ECF-A321-CDE583408F2E}.Debug|Any CPU.Build.0 = Debug|Any CPU
		{39F3112C-7DE6-4ECF-A321-CDE583408F2E}.Release|Any CPU.ActiveCfg = Release|Any CPU
		{39F3112C-7DE6-4ECF-A321-CDE583408F2E}.Release|Any CPU.Build.0 = Release|Any CPU
		{27C97AF7-BC7F-47A8-9871-5AE4568EEFF1}.Debug|Any CPU.ActiveCfg = Debug|Any CPU
		{27C97AF7-BC7F-47A8-9871-5AE4568EEFF1}.Debug|Any CPU.Build.0 = Debug|Any CPU
		{27C97AF7-BC7F-47A8-9871-5AE4568EEFF1}.Release|Any CPU.ActiveCfg = Release|Any CPU
		{27C97AF7-BC7F-47A8-9871-5AE4568EEFF1}.Release|Any CPU.Build.0 = Release|Any CPU
		{4C4EBE8A-F133-4956-B5F3-D03F91E918AA}.Debug|Any CPU.ActiveCfg = Debug|Any CPU
		{4C4EBE8A-F133-4956-B5F3-D03F91E918AA}.Debug|Any CPU.Build.0 = Debug|Any CPU
		{4C4EBE8A-F133-4956-B5F3-D03F91E918AA}.Release|Any CPU.ActiveCfg = Release|Any CPU
		{4C4EBE8A-F133-4956-B5F3-D03F91E918AA}.Release|Any CPU.Build.0 = Release|Any CPU
		{B73942AD-9BF5-4FCA-A866-B414F16B7B51}.Debug|Any CPU.ActiveCfg = Debug|Any CPU
		{B73942AD-9BF5-4FCA-A866-B414F16B7B51}.Debug|Any CPU.Build.0 = Debug|Any CPU
		{B73942AD-9BF5-4FCA-A866-B414F16B7B51}.Release|Any CPU.ActiveCfg = Release|Any CPU
		{B73942AD-9BF5-4FCA-A866-B414F16B7B51}.Release|Any CPU.Build.0 = Release|Any CPU
		{39C35DD1-0161-487B-96BF-DFDA38815975}.Debug|Any CPU.ActiveCfg = Debug|Any CPU
		{39C35DD1-0161-487B-96BF-DFDA38815975}.Debug|Any CPU.Build.0 = Debug|Any CPU
		{39C35DD1-0161-487B-96BF-DFDA38815975}.Release|Any CPU.ActiveCfg = Release|Any CPU
		{39C35DD1-0161-487B-96BF-DFDA38815975}.Release|Any CPU.Build.0 = Release|Any CPU
		{AEF8816E-31BF-494B-8C62-2F847E1D4F36}.Debug|Any CPU.ActiveCfg = Debug|Any CPU
		{AEF8816E-31BF-494B-8C62-2F847E1D4F36}.Debug|Any CPU.Build.0 = Debug|Any CPU
		{AEF8816E-31BF-494B-8C62-2F847E1D4F36}.Release|Any CPU.ActiveCfg = Release|Any CPU
		{AEF8816E-31BF-494B-8C62-2F847E1D4F36}.Release|Any CPU.Build.0 = Release|Any CPU
		{90B7ED5D-DE13-46F9-91CE-6FD58FF92132}.Debug|Any CPU.ActiveCfg = Debug|Any CPU
		{90B7ED5D-DE13-46F9-91CE-6FD58FF92132}.Debug|Any CPU.Build.0 = Debug|Any CPU
		{90B7ED5D-DE13-46F9-91CE-6FD58FF92132}.Release|Any CPU.ActiveCfg = Release|Any CPU
		{90B7ED5D-DE13-46F9-91CE-6FD58FF92132}.Release|Any CPU.Build.0 = Release|Any CPU
	EndGlobalSection
	GlobalSection(SolutionProperties) = preSolution
		HideSolutionNode = FALSE
	EndGlobalSection
	GlobalSection(NestedProjects) = preSolution
		{39F3112C-7DE6-4ECF-A321-CDE583408F2E} = {18AA25C8-9E88-4A03-8331-A3AE2B7500D4}
		{27C97AF7-BC7F-47A8-9871-5AE4568EEFF1} = {7EF9F083-EF5C-4459-B69E-E725CEE2150A}
		{4C4EBE8A-F133-4956-B5F3-D03F91E918AA} = {7EF9F083-EF5C-4459-B69E-E725CEE2150A}
		{B73942AD-9BF5-4FCA-A866-B414F16B7B51} = {18AA25C8-9E88-4A03-8331-A3AE2B7500D4}
		{39C35DD1-0161-487B-96BF-DFDA38815975} = {18AA25C8-9E88-4A03-8331-A3AE2B7500D4}
		{AEF8816E-31BF-494B-8C62-2F847E1D4F36} = {7EF9F083-EF5C-4459-B69E-E725CEE2150A}
		{B490C08C-5E02-4D6E-9320-9219D4CBE5DA} = {18AA25C8-9E88-4A03-8331-A3AE2B7500D4}
		{90B7ED5D-DE13-46F9-91CE-6FD58FF92132} = {B490C08C-5E02-4D6E-9320-9219D4CBE5DA}
	EndGlobalSection
	GlobalSection(ExtensibilityGlobals) = postSolution
		SolutionGuid = {B48E2C90-D960-463F-B3AD-55696191F934}
	EndGlobalSection
EndGlobal
